
Microsoft Visual Studio Solution File, Format Version 12.00
# Visual Studio Version 16
VisualStudioVersion = 16.0.30611.23
MinimumVisualStudioVersion = 10.0.40219.1
Project("{FAE04EC0-301F-11D3-BF4B-00C04F79EFBC}") = "Matrix Layer Rotation v2", "Matrix Layer Rotation v2\Matrix Layer Rotation v2.csproj", "{9BBC8265-BD3A-42EA-8AA0-E1E21EEE8C57}"
EndProject
Global
	GlobalSection(SolutionConfigurationPlatforms) = preSolution
		Debug|Any CPU = Debug|Any CPU
		Release|Any CPU = Release|Any CPU
	EndGlobalSection
	GlobalSection(ProjectConfigurationPlatforms) = postSolution
		{9BBC8265-BD3A-42EA-8AA0-E1E21EEE8C57}.Debug|Any CPU.ActiveCfg = Debug|Any CPU
		{9BBC8265-BD3A-42EA-8AA0-E1E21EEE8C57}.Debug|Any CPU.Build.0 = Debug|Any CPU
		{9BBC8265-BD3A-42EA-8AA0-E1E21EEE8C57}.Release|Any CPU.ActiveCfg = Release|Any CPU
		{9BBC8265-BD3A-42EA-8AA0-E1E21EEE8C57}.Release|Any CPU.Build.0 = Release|Any CPU
	EndGlobalSection
	GlobalSection(SolutionProperties) = preSolution
		HideSolutionNode = FALSE
	EndGlobalSection
	GlobalSection(ExtensibilityGlobals) = postSolution
		SolutionGuid = {653F5548-09AC-40B3-A039-6E1EFDE41F56}
	EndGlobalSection
EndGlobal
